// !$*UTF8*$!
{
	archiveVersion = 1;
	classes = {
	};
	objectVersion = 55;
	objects = {

/* Begin PBXBuildFile section */
		6A5D1FC6280C877D0082A5BD /* Localizable.strings in Resources */ = {isa = PBXBuildFile; fileRef = 6A5D1FC8280C877D0082A5BD /* Localizable.strings */; };
		6A6C8BC7280F083400DB81CF /* Persistance.swift in Sources */ = {isa = PBXBuildFile; fileRef = 6A6C8BC6280F083400DB81CF /* Persistance.swift */; };
		6A6C8BCA280F089000DB81CF /* RestaurantFinder.xcdatamodeld in Sources */ = {isa = PBXBuildFile; fileRef = 6A6C8BC8280F089000DB81CF /* RestaurantFinder.xcdatamodeld */; };
		6A7B3D4227FEEBFA0066BE83 /* RestaurantFinderApp.swift in Sources */ = {isa = PBXBuildFile; fileRef = 6A7B3D4127FEEBFA0066BE83 /* RestaurantFinderApp.swift */; };
		6A7B3D4427FEEBFA0066BE83 /* TabBarView.swift in Sources */ = {isa = PBXBuildFile; fileRef = 6A7B3D4327FEEBFA0066BE83 /* TabBarView.swift */; };
		6A7B3D4627FEEBFE0066BE83 /* Assets.xcassets in Resources */ = {isa = PBXBuildFile; fileRef = 6A7B3D4527FEEBFE0066BE83 /* Assets.xcassets */; };
		6A7B3D4927FEEBFE0066BE83 /* Preview Assets.xcassets in Resources */ = {isa = PBXBuildFile; fileRef = 6A7B3D4827FEEBFE0066BE83 /* Preview Assets.xcassets */; };
		6A7B3D5327FEEBFF0066BE83 /* RestaurantFinderTests.swift in Sources */ = {isa = PBXBuildFile; fileRef = 6A7B3D5227FEEBFF0066BE83 /* RestaurantFinderTests.swift */; };
		6A7B3D5D27FEEBFF0066BE83 /* RestaurantFinderUITests.swift in Sources */ = {isa = PBXBuildFile; fileRef = 6A7B3D5C27FEEBFF0066BE83 /* RestaurantFinderUITests.swift */; };
		6A7B3D5F27FEEBFF0066BE83 /* RestaurantFinderUITestsLaunchTests.swift in Sources */ = {isa = PBXBuildFile; fileRef = 6A7B3D5E27FEEBFF0066BE83 /* RestaurantFinderUITestsLaunchTests.swift */; };
		6A7B3DBF28048BE90066BE83 /* ListElementView.swift in Sources */ = {isa = PBXBuildFile; fileRef = 6A7B3DBE28048BE90066BE83 /* ListElementView.swift */; };
		6A7B3DC12805B1620066BE83 /* RestaurantHC.swift in Sources */ = {isa = PBXBuildFile; fileRef = 6A7B3DC02805B1620066BE83 /* RestaurantHC.swift */; };
		6A7B3DC428070FB60066BE83 /* DetailsView.swift in Sources */ = {isa = PBXBuildFile; fileRef = 6A7B3DC328070FB60066BE83 /* DetailsView.swift */; };
		A7815D2C280ABDE40096B664 /* CustomFonts.swift in Sources */ = {isa = PBXBuildFile; fileRef = A7815D2B280ABDE40096B664 /* CustomFonts.swift */; };
		A7815D31280AC38E0096B664 /* BeauRivage-Regular.ttf in Resources */ = {isa = PBXBuildFile; fileRef = A7815D2F280AC38E0096B664 /* BeauRivage-Regular.ttf */; };
		A7815D41280AC4480096B664 /* EBGaramond-Italic-VariableFont_wght.ttf in Resources */ = {isa = PBXBuildFile; fileRef = A7815D33280AC4480096B664 /* EBGaramond-Italic-VariableFont_wght.ttf */; };
		A7815D4D280AC4480096B664 /* EBGaramond-VariableFont_wght.ttf in Resources */ = {isa = PBXBuildFile; fileRef = A7815D40280AC4480096B664 /* EBGaramond-VariableFont_wght.ttf */; };
		A7815D50280ACC230096B664 /* CustomColor.swift in Sources */ = {isa = PBXBuildFile; fileRef = A7815D4F280ACC230096B664 /* CustomColor.swift */; };
		C600B6922803852B00CED028 /* HomeView.swift in Sources */ = {isa = PBXBuildFile; fileRef = C600B6912803852B00CED028 /* HomeView.swift */; };
		C600B694280385F100CED028 /* RestaurantsView.swift in Sources */ = {isa = PBXBuildFile; fileRef = C600B693280385F100CED028 /* RestaurantsView.swift */; };
		C600B6962803863000CED028 /* FavoritesView.swift in Sources */ = {isa = PBXBuildFile; fileRef = C600B6952803863000CED028 /* FavoritesView.swift */; };
		C600B6982803867F00CED028 /* ProfileView.swift in Sources */ = {isa = PBXBuildFile; fileRef = C600B6972803867F00CED028 /* ProfileView.swift */; };
		C600B69A2803870600CED028 /* LoginView.swift in Sources */ = {isa = PBXBuildFile; fileRef = C600B6992803870600CED028 /* LoginView.swift */; };
		C600B69C2803873800CED028 /* SignupView.swift in Sources */ = {isa = PBXBuildFile; fileRef = C600B69B2803873800CED028 /* SignupView.swift */; };
/* End PBXBuildFile section */

/* Begin PBXContainerItemProxy section */
		6A7B3D4F27FEEBFF0066BE83 /* PBXContainerItemProxy */ = {
			isa = PBXContainerItemProxy;
			containerPortal = 6A7B3D3627FEEBFA0066BE83 /* Project object */;
			proxyType = 1;
			remoteGlobalIDString = 6A7B3D3D27FEEBFA0066BE83;
			remoteInfo = RestaurantFinder;
		};
		6A7B3D5927FEEBFF0066BE83 /* PBXContainerItemProxy */ = {
			isa = PBXContainerItemProxy;
			containerPortal = 6A7B3D3627FEEBFA0066BE83 /* Project object */;
			proxyType = 1;
			remoteGlobalIDString = 6A7B3D3D27FEEBFA0066BE83;
			remoteInfo = RestaurantFinder;
		};
/* End PBXContainerItemProxy section */

/* Begin PBXFileReference section */
		6A5D1FC7280C877D0082A5BD /* en */ = {isa = PBXFileReference; lastKnownFileType = text.plist.strings; name = en; path = en.lproj/Localizable.strings; sourceTree = "<group>"; };
		6A5D1FC9280C87800082A5BD /* fi */ = {isa = PBXFileReference; lastKnownFileType = text.plist.strings; name = fi; path = fi.lproj/Localizable.strings; sourceTree = "<group>"; };
		6A6C8BC6280F083400DB81CF /* Persistance.swift */ = {isa = PBXFileReference; lastKnownFileType = sourcecode.swift; path = Persistance.swift; sourceTree = "<group>"; };
		6A6C8BC9280F089000DB81CF /* RestaurantFinder.xcdatamodel */ = {isa = PBXFileReference; lastKnownFileType = wrapper.xcdatamodel; path = RestaurantFinder.xcdatamodel; sourceTree = "<group>"; };
		6A7B3D3E27FEEBFA0066BE83 /* RestaurantFinder.app */ = {isa = PBXFileReference; explicitFileType = wrapper.application; includeInIndex = 0; path = RestaurantFinder.app; sourceTree = BUILT_PRODUCTS_DIR; };
		6A7B3D4127FEEBFA0066BE83 /* RestaurantFinderApp.swift */ = {isa = PBXFileReference; lastKnownFileType = sourcecode.swift; path = RestaurantFinderApp.swift; sourceTree = "<group>"; };
		6A7B3D4327FEEBFA0066BE83 /* TabBarView.swift */ = {isa = PBXFileReference; lastKnownFileType = sourcecode.swift; path = TabBarView.swift; sourceTree = "<group>"; };
		6A7B3D4527FEEBFE0066BE83 /* Assets.xcassets */ = {isa = PBXFileReference; lastKnownFileType = folder.assetcatalog; path = Assets.xcassets; sourceTree = "<group>"; };
		6A7B3D4827FEEBFE0066BE83 /* Preview Assets.xcassets */ = {isa = PBXFileReference; lastKnownFileType = folder.assetcatalog; path = "Preview Assets.xcassets"; sourceTree = "<group>"; };
		6A7B3D4E27FEEBFF0066BE83 /* RestaurantFinderTests.xctest */ = {isa = PBXFileReference; explicitFileType = wrapper.cfbundle; includeInIndex = 0; path = RestaurantFinderTests.xctest; sourceTree = BUILT_PRODUCTS_DIR; };
		6A7B3D5227FEEBFF0066BE83 /* RestaurantFinderTests.swift */ = {isa = PBXFileReference; lastKnownFileType = sourcecode.swift; path = RestaurantFinderTests.swift; sourceTree = "<group>"; };
		6A7B3D5827FEEBFF0066BE83 /* RestaurantFinderUITests.xctest */ = {isa = PBXFileReference; explicitFileType = wrapper.cfbundle; includeInIndex = 0; path = RestaurantFinderUITests.xctest; sourceTree = BUILT_PRODUCTS_DIR; };
		6A7B3D5C27FEEBFF0066BE83 /* RestaurantFinderUITests.swift */ = {isa = PBXFileReference; lastKnownFileType = sourcecode.swift; path = RestaurantFinderUITests.swift; sourceTree = "<group>"; };
		6A7B3D5E27FEEBFF0066BE83 /* RestaurantFinderUITestsLaunchTests.swift */ = {isa = PBXFileReference; lastKnownFileType = sourcecode.swift; path = RestaurantFinderUITestsLaunchTests.swift; sourceTree = "<group>"; };
		6A7B3DBE28048BE90066BE83 /* ListElementView.swift */ = {isa = PBXFileReference; lastKnownFileType = sourcecode.swift; path = ListElementView.swift; sourceTree = "<group>"; };
		6A7B3DC02805B1620066BE83 /* RestaurantHC.swift */ = {isa = PBXFileReference; lastKnownFileType = sourcecode.swift; path = RestaurantHC.swift; sourceTree = "<group>"; };
		6A7B3DC328070FB60066BE83 /* DetailsView.swift */ = {isa = PBXFileReference; lastKnownFileType = sourcecode.swift; path = DetailsView.swift; sourceTree = "<group>"; };
		A7815D25280AB97F0096B664 /* Info.plist */ = {isa = PBXFileReference; lastKnownFileType = text.plist; path = Info.plist; sourceTree = "<group>"; };
		A7815D2B280ABDE40096B664 /* CustomFonts.swift */ = {isa = PBXFileReference; lastKnownFileType = sourcecode.swift; path = CustomFonts.swift; sourceTree = "<group>"; };
		A7815D2F280AC38E0096B664 /* BeauRivage-Regular.ttf */ = {isa = PBXFileReference; lastKnownFileType = file; path = "BeauRivage-Regular.ttf"; sourceTree = "<group>"; };
		A7815D33280AC4480096B664 /* EBGaramond-Italic-VariableFont_wght.ttf */ = {isa = PBXFileReference; lastKnownFileType = file; path = "EBGaramond-Italic-VariableFont_wght.ttf"; sourceTree = "<group>"; };
		A7815D40280AC4480096B664 /* EBGaramond-VariableFont_wght.ttf */ = {isa = PBXFileReference; lastKnownFileType = file; path = "EBGaramond-VariableFont_wght.ttf"; sourceTree = "<group>"; };
		A7815D4F280ACC230096B664 /* CustomColor.swift */ = {isa = PBXFileReference; lastKnownFileType = sourcecode.swift; path = CustomColor.swift; sourceTree = "<group>"; };
		C600B6912803852B00CED028 /* HomeView.swift */ = {isa = PBXFileReference; lastKnownFileType = sourcecode.swift; path = HomeView.swift; sourceTree = "<group>"; };
		C600B693280385F100CED028 /* RestaurantsView.swift */ = {isa = PBXFileReference; lastKnownFileType = sourcecode.swift; path = RestaurantsView.swift; sourceTree = "<group>"; };
		C600B6952803863000CED028 /* FavoritesView.swift */ = {isa = PBXFileReference; lastKnownFileType = sourcecode.swift; path = FavoritesView.swift; sourceTree = "<group>"; };
		C600B6972803867F00CED028 /* ProfileView.swift */ = {isa = PBXFileReference; lastKnownFileType = sourcecode.swift; path = ProfileView.swift; sourceTree = "<group>"; };
		C600B6992803870600CED028 /* LoginView.swift */ = {isa = PBXFileReference; lastKnownFileType = sourcecode.swift; path = LoginView.swift; sourceTree = "<group>"; };
		C600B69B2803873800CED028 /* SignupView.swift */ = {isa = PBXFileReference; lastKnownFileType = sourcecode.swift; path = SignupView.swift; sourceTree = "<group>"; };
/* End PBXFileReference section */

/* Begin PBXFrameworksBuildPhase section */
		6A7B3D3B27FEEBFA0066BE83 /* Frameworks */ = {
			isa = PBXFrameworksBuildPhase;
			buildActionMask = 2147483647;
			files = (
			);
			runOnlyForDeploymentPostprocessing = 0;
		};
		6A7B3D4B27FEEBFF0066BE83 /* Frameworks */ = {
			isa = PBXFrameworksBuildPhase;
			buildActionMask = 2147483647;
			files = (
			);
			runOnlyForDeploymentPostprocessing = 0;
		};
		6A7B3D5527FEEBFF0066BE83 /* Frameworks */ = {
			isa = PBXFrameworksBuildPhase;
			buildActionMask = 2147483647;
			files = (
			);
			runOnlyForDeploymentPostprocessing = 0;
		};
/* End PBXFrameworksBuildPhase section */

/* Begin PBXGroup section */
		6A7B3D3527FEEBFA0066BE83 = {
			isa = PBXGroup;
			children = (
				6A7B3D4027FEEBFA0066BE83 /* RestaurantFinder */,
				6A7B3D5127FEEBFF0066BE83 /* RestaurantFinderTests */,
				6A7B3D5B27FEEBFF0066BE83 /* RestaurantFinderUITests */,
				6A7B3D3F27FEEBFA0066BE83 /* Products */,
			);
			sourceTree = "<group>";
		};
		6A7B3D3F27FEEBFA0066BE83 /* Products */ = {
			isa = PBXGroup;
			children = (
				6A7B3D3E27FEEBFA0066BE83 /* RestaurantFinder.app */,
				6A7B3D4E27FEEBFF0066BE83 /* RestaurantFinderTests.xctest */,
				6A7B3D5827FEEBFF0066BE83 /* RestaurantFinderUITests.xctest */,
			);
			name = Products;
			sourceTree = "<group>";
		};
		6A7B3D4027FEEBFA0066BE83 /* RestaurantFinder */ = {
			isa = PBXGroup;
			children = (
				6A6C8BC8280F089000DB81CF /* RestaurantFinder.xcdatamodeld */,
				A7815D4E280ACBF40096B664 /* Color */,
				A7815D25280AB97F0096B664 /* Info.plist */,
				A7815D22280AB5C50096B664 /* Fonts */,
				6A7B3DBD280489050066BE83 /* Models */,
				6A7B3D4127FEEBFA0066BE83 /* RestaurantFinderApp.swift */,
				6A7B3D4327FEEBFA0066BE83 /* TabBarView.swift */,
				C600B6912803852B00CED028 /* HomeView.swift */,
				6A5D1FC8280C877D0082A5BD /* Localizable.strings */,
				C600B693280385F100CED028 /* RestaurantsView.swift */,
				C600B6952803863000CED028 /* FavoritesView.swift */,
				C600B6972803867F00CED028 /* ProfileView.swift */,
				C600B6992803870600CED028 /* LoginView.swift */,
				C600B69B2803873800CED028 /* SignupView.swift */,
				6A7B3DBE28048BE90066BE83 /* ListElementView.swift */,
				6A7B3DC328070FB60066BE83 /* DetailsView.swift */,
				6A7B3D4527FEEBFE0066BE83 /* Assets.xcassets */,
				6A7B3D4727FEEBFE0066BE83 /* Preview Content */,
				6A6C8BC6280F083400DB81CF /* Persistance.swift */,
			);
			path = RestaurantFinder;
			sourceTree = "<group>";
		};
		6A7B3D4727FEEBFE0066BE83 /* Preview Content */ = {
			isa = PBXGroup;
			children = (
				6A7B3D4827FEEBFE0066BE83 /* Preview Assets.xcassets */,
			);
			path = "Preview Content";
			sourceTree = "<group>";
		};
		6A7B3D5127FEEBFF0066BE83 /* RestaurantFinderTests */ = {
			isa = PBXGroup;
			children = (
				6A7B3D5227FEEBFF0066BE83 /* RestaurantFinderTests.swift */,
			);
			path = RestaurantFinderTests;
			sourceTree = "<group>";
		};
		6A7B3D5B27FEEBFF0066BE83 /* RestaurantFinderUITests */ = {
			isa = PBXGroup;
			children = (
				6A7B3D5C27FEEBFF0066BE83 /* RestaurantFinderUITests.swift */,
				6A7B3D5E27FEEBFF0066BE83 /* RestaurantFinderUITestsLaunchTests.swift */,
			);
			path = RestaurantFinderUITests;
			sourceTree = "<group>";
		};
		6A7B3DBD280489050066BE83 /* Models */ = {
			isa = PBXGroup;
			children = (
				6A7B3DC02805B1620066BE83 /* RestaurantHC.swift */,
			);
			path = Models;
			sourceTree = "<group>";
		};
		A7815D22280AB5C50096B664 /* Fonts */ = {
			isa = PBXGroup;
			children = (
				A7815D32280AC4480096B664 /* EB_Garamond */,
				A7815D2D280AC38E0096B664 /* Beau_Rivage */,
				A7815D2B280ABDE40096B664 /* CustomFonts.swift */,
			);
			path = Fonts;
			sourceTree = "<group>";
		};
		A7815D2D280AC38E0096B664 /* Beau_Rivage */ = {
			isa = PBXGroup;
			children = (
				A7815D2F280AC38E0096B664 /* BeauRivage-Regular.ttf */,
			);
			path = Beau_Rivage;
			sourceTree = "<group>";
		};
		A7815D32280AC4480096B664 /* EB_Garamond */ = {
			isa = PBXGroup;
			children = (
				A7815D33280AC4480096B664 /* EBGaramond-Italic-VariableFont_wght.ttf */,
				A7815D40280AC4480096B664 /* EBGaramond-VariableFont_wght.ttf */,
			);
			path = EB_Garamond;
			sourceTree = "<group>";
		};
		A7815D4E280ACBF40096B664 /* Color */ = {
			isa = PBXGroup;
			children = (
				A7815D4F280ACC230096B664 /* CustomColor.swift */,
			);
			path = Color;
			sourceTree = "<group>";
		};
/* End PBXGroup section */

/* Begin PBXNativeTarget section */
		6A7B3D3D27FEEBFA0066BE83 /* RestaurantFinder */ = {
			isa = PBXNativeTarget;
			buildConfigurationList = 6A7B3D6227FEEBFF0066BE83 /* Build configuration list for PBXNativeTarget "RestaurantFinder" */;
			buildPhases = (
				6A7B3D3A27FEEBFA0066BE83 /* Sources */,
				6A7B3D3B27FEEBFA0066BE83 /* Frameworks */,
				6A7B3D3C27FEEBFA0066BE83 /* Resources */,
			);
			buildRules = (
			);
			dependencies = (
			);
			name = RestaurantFinder;
			productName = RestaurantFinder;
			productReference = 6A7B3D3E27FEEBFA0066BE83 /* RestaurantFinder.app */;
			productType = "com.apple.product-type.application";
		};
		6A7B3D4D27FEEBFF0066BE83 /* RestaurantFinderTests */ = {
			isa = PBXNativeTarget;
			buildConfigurationList = 6A7B3D6527FEEBFF0066BE83 /* Build configuration list for PBXNativeTarget "RestaurantFinderTests" */;
			buildPhases = (
				6A7B3D4A27FEEBFF0066BE83 /* Sources */,
				6A7B3D4B27FEEBFF0066BE83 /* Frameworks */,
				6A7B3D4C27FEEBFF0066BE83 /* Resources */,
			);
			buildRules = (
			);
			dependencies = (
				6A7B3D5027FEEBFF0066BE83 /* PBXTargetDependency */,
			);
			name = RestaurantFinderTests;
			productName = RestaurantFinderTests;
			productReference = 6A7B3D4E27FEEBFF0066BE83 /* RestaurantFinderTests.xctest */;
			productType = "com.apple.product-type.bundle.unit-test";
		};
		6A7B3D5727FEEBFF0066BE83 /* RestaurantFinderUITests */ = {
			isa = PBXNativeTarget;
			buildConfigurationList = 6A7B3D6827FEEBFF0066BE83 /* Build configuration list for PBXNativeTarget "RestaurantFinderUITests" */;
			buildPhases = (
				6A7B3D5427FEEBFF0066BE83 /* Sources */,
				6A7B3D5527FEEBFF0066BE83 /* Frameworks */,
				6A7B3D5627FEEBFF0066BE83 /* Resources */,
			);
			buildRules = (
			);
			dependencies = (
				6A7B3D5A27FEEBFF0066BE83 /* PBXTargetDependency */,
			);
			name = RestaurantFinderUITests;
			productName = RestaurantFinderUITests;
			productReference = 6A7B3D5827FEEBFF0066BE83 /* RestaurantFinderUITests.xctest */;
			productType = "com.apple.product-type.bundle.ui-testing";
		};
/* End PBXNativeTarget section */

/* Begin PBXProject section */
		6A7B3D3627FEEBFA0066BE83 /* Project object */ = {
			isa = PBXProject;
			attributes = {
				BuildIndependentTargetsInParallel = 1;
				LastSwiftUpdateCheck = 1320;
				LastUpgradeCheck = 1320;
				TargetAttributes = {
					6A7B3D3D27FEEBFA0066BE83 = {
						CreatedOnToolsVersion = 13.2.1;
					};
					6A7B3D4D27FEEBFF0066BE83 = {
						CreatedOnToolsVersion = 13.2.1;
						TestTargetID = 6A7B3D3D27FEEBFA0066BE83;
					};
					6A7B3D5727FEEBFF0066BE83 = {
						CreatedOnToolsVersion = 13.2.1;
						TestTargetID = 6A7B3D3D27FEEBFA0066BE83;
					};
				};
			};
			buildConfigurationList = 6A7B3D3927FEEBFA0066BE83 /* Build configuration list for PBXProject "RestaurantFinder" */;
			compatibilityVersion = "Xcode 13.0";
			developmentRegion = en;
			hasScannedForEncodings = 0;
			knownRegions = (
				en,
				Base,
				fi,
			);
			mainGroup = 6A7B3D3527FEEBFA0066BE83;
			productRefGroup = 6A7B3D3F27FEEBFA0066BE83 /* Products */;
			projectDirPath = "";
			projectRoot = "";
			targets = (
				6A7B3D3D27FEEBFA0066BE83 /* RestaurantFinder */,
				6A7B3D4D27FEEBFF0066BE83 /* RestaurantFinderTests */,
				6A7B3D5727FEEBFF0066BE83 /* RestaurantFinderUITests */,
			);
		};
/* End PBXProject section */

/* Begin PBXResourcesBuildPhase section */
		6A7B3D3C27FEEBFA0066BE83 /* Resources */ = {
			isa = PBXResourcesBuildPhase;
			buildActionMask = 2147483647;
			files = (
				A7815D31280AC38E0096B664 /* BeauRivage-Regular.ttf in Resources */,
				A7815D41280AC4480096B664 /* EBGaramond-Italic-VariableFont_wght.ttf in Resources */,
				6A7B3D4927FEEBFE0066BE83 /* Preview Assets.xcassets in Resources */,
				6A7B3D4627FEEBFE0066BE83 /* Assets.xcassets in Resources */,
				6A5D1FC6280C877D0082A5BD /* Localizable.strings in Resources */,
				A7815D4D280AC4480096B664 /* EBGaramond-VariableFont_wght.ttf in Resources */,
			);
			runOnlyForDeploymentPostprocessing = 0;
		};
		6A7B3D4C27FEEBFF0066BE83 /* Resources */ = {
			isa = PBXResourcesBuildPhase;
			buildActionMask = 2147483647;
			files = (
			);
			runOnlyForDeploymentPostprocessing = 0;
		};
		6A7B3D5627FEEBFF0066BE83 /* Resources */ = {
			isa = PBXResourcesBuildPhase;
			buildActionMask = 2147483647;
			files = (
			);
			runOnlyForDeploymentPostprocessing = 0;
		};
/* End PBXResourcesBuildPhase section */

/* Begin PBXSourcesBuildPhase section */
		6A7B3D3A27FEEBFA0066BE83 /* Sources */ = {
			isa = PBXSourcesBuildPhase;
			buildActionMask = 2147483647;
			files = (
				6A7B3DC12805B1620066BE83 /* RestaurantHC.swift in Sources */,
				C600B6962803863000CED028 /* FavoritesView.swift in Sources */,
				C600B69A2803870600CED028 /* LoginView.swift in Sources */,
				A7815D50280ACC230096B664 /* CustomColor.swift in Sources */,
				C600B6922803852B00CED028 /* HomeView.swift in Sources */,
				6A7B3D4427FEEBFA0066BE83 /* TabBarView.swift in Sources */,
				C600B69C2803873800CED028 /* SignupView.swift in Sources */,
				6A6C8BC7280F083400DB81CF /* Persistance.swift in Sources */,
				6A7B3DC428070FB60066BE83 /* DetailsView.swift in Sources */,
				6A6C8BCA280F089000DB81CF /* RestaurantFinder.xcdatamodeld in Sources */,
				6A7B3D4227FEEBFA0066BE83 /* RestaurantFinderApp.swift in Sources */,
				C600B6982803867F00CED028 /* ProfileView.swift in Sources */,
				A7815D2C280ABDE40096B664 /* CustomFonts.swift in Sources */,
				C600B694280385F100CED028 /* RestaurantsView.swift in Sources */,
				6A7B3DBF28048BE90066BE83 /* ListElementView.swift in Sources */,
			);
			runOnlyForDeploymentPostprocessing = 0;
		};
		6A7B3D4A27FEEBFF0066BE83 /* Sources */ = {
			isa = PBXSourcesBuildPhase;
			buildActionMask = 2147483647;
			files = (
				6A7B3D5327FEEBFF0066BE83 /* RestaurantFinderTests.swift in Sources */,
			);
			runOnlyForDeploymentPostprocessing = 0;
		};
		6A7B3D5427FEEBFF0066BE83 /* Sources */ = {
			isa = PBXSourcesBuildPhase;
			buildActionMask = 2147483647;
			files = (
				6A7B3D5D27FEEBFF0066BE83 /* RestaurantFinderUITests.swift in Sources */,
				6A7B3D5F27FEEBFF0066BE83 /* RestaurantFinderUITestsLaunchTests.swift in Sources */,
			);
			runOnlyForDeploymentPostprocessing = 0;
		};
/* End PBXSourcesBuildPhase section */

/* Begin PBXTargetDependency section */
		6A7B3D5027FEEBFF0066BE83 /* PBXTargetDependency */ = {
			isa = PBXTargetDependency;
			target = 6A7B3D3D27FEEBFA0066BE83 /* RestaurantFinder */;
			targetProxy = 6A7B3D4F27FEEBFF0066BE83 /* PBXContainerItemProxy */;
		};
		6A7B3D5A27FEEBFF0066BE83 /* PBXTargetDependency */ = {
			isa = PBXTargetDependency;
			target = 6A7B3D3D27FEEBFA0066BE83 /* RestaurantFinder */;
			targetProxy = 6A7B3D5927FEEBFF0066BE83 /* PBXContainerItemProxy */;
		};
/* End PBXTargetDependency section */

/* Begin PBXVariantGroup section */
		6A5D1FC8280C877D0082A5BD /* Localizable.strings */ = {
			isa = PBXVariantGroup;
			children = (
				6A5D1FC7280C877D0082A5BD /* en */,
				6A5D1FC9280C87800082A5BD /* fi */,
			);
			name = Localizable.strings;
			sourceTree = "<group>";
		};
/* End PBXVariantGroup section */

/* Begin XCBuildConfiguration section */
		6A7B3D6027FEEBFF0066BE83 /* Debug */ = {
			isa = XCBuildConfiguration;
			buildSettings = {
				ALWAYS_SEARCH_USER_PATHS = NO;
				CLANG_ANALYZER_NONNULL = YES;
				CLANG_ANALYZER_NUMBER_OBJECT_CONVERSION = YES_AGGRESSIVE;
				CLANG_CXX_LANGUAGE_STANDARD = "gnu++17";
				CLANG_CXX_LIBRARY = "libc++";
				CLANG_ENABLE_MODULES = YES;
				CLANG_ENABLE_OBJC_ARC = YES;
				CLANG_ENABLE_OBJC_WEAK = YES;
				CLANG_WARN_BLOCK_CAPTURE_AUTORELEASING = YES;
				CLANG_WARN_BOOL_CONVERSION = YES;
				CLANG_WARN_COMMA = YES;
				CLANG_WARN_CONSTANT_CONVERSION = YES;
				CLANG_WARN_DEPRECATED_OBJC_IMPLEMENTATIONS = YES;
				CLANG_WARN_DIRECT_OBJC_ISA_USAGE = YES_ERROR;
				CLANG_WARN_DOCUMENTATION_COMMENTS = YES;
				CLANG_WARN_EMPTY_BODY = YES;
				CLANG_WARN_ENUM_CONVERSION = YES;
				CLANG_WARN_INFINITE_RECURSION = YES;
				CLANG_WARN_INT_CONVERSION = YES;
				CLANG_WARN_NON_LITERAL_NULL_CONVERSION = YES;
				CLANG_WARN_OBJC_IMPLICIT_RETAIN_SELF = YES;
				CLANG_WARN_OBJC_LITERAL_CONVERSION = YES;
				CLANG_WARN_OBJC_ROOT_CLASS = YES_ERROR;
				CLANG_WARN_QUOTED_INCLUDE_IN_FRAMEWORK_HEADER = YES;
				CLANG_WARN_RANGE_LOOP_ANALYSIS = YES;
				CLANG_WARN_STRICT_PROTOTYPES = YES;
				CLANG_WARN_SUSPICIOUS_MOVE = YES;
				CLANG_WARN_UNGUARDED_AVAILABILITY = YES_AGGRESSIVE;
				CLANG_WARN_UNREACHABLE_CODE = YES;
				CLANG_WARN__DUPLICATE_METHOD_MATCH = YES;
				COPY_PHASE_STRIP = NO;
				DEBUG_INFORMATION_FORMAT = dwarf;
				ENABLE_STRICT_OBJC_MSGSEND = YES;
				ENABLE_TESTABILITY = YES;
				GCC_C_LANGUAGE_STANDARD = gnu11;
				GCC_DYNAMIC_NO_PIC = NO;
				GCC_NO_COMMON_BLOCKS = YES;
				GCC_OPTIMIZATION_LEVEL = 0;
				GCC_PREPROCESSOR_DEFINITIONS = (
					"DEBUG=1",
					"$(inherited)",
				);
				GCC_WARN_64_TO_32_BIT_CONVERSION = YES;
				GCC_WARN_ABOUT_RETURN_TYPE = YES_ERROR;
				GCC_WARN_UNDECLARED_SELECTOR = YES;
				GCC_WARN_UNINITIALIZED_AUTOS = YES_AGGRESSIVE;
				GCC_WARN_UNUSED_FUNCTION = YES;
				GCC_WARN_UNUSED_VARIABLE = YES;
				IPHONEOS_DEPLOYMENT_TARGET = 15.2;
				MTL_ENABLE_DEBUG_INFO = INCLUDE_SOURCE;
				MTL_FAST_MATH = YES;
				ONLY_ACTIVE_ARCH = YES;
				SDKROOT = iphoneos;
				SWIFT_ACTIVE_COMPILATION_CONDITIONS = DEBUG;
				SWIFT_OPTIMIZATION_LEVEL = "-Onone";
			};
			name = Debug;
		};
		6A7B3D6127FEEBFF0066BE83 /* Release */ = {
			isa = XCBuildConfiguration;
			buildSettings = {
				ALWAYS_SEARCH_USER_PATHS = NO;
				CLANG_ANALYZER_NONNULL = YES;
				CLANG_ANALYZER_NUMBER_OBJECT_CONVERSION = YES_AGGRESSIVE;
				CLANG_CXX_LANGUAGE_STANDARD = "gnu++17";
				CLANG_CXX_LIBRARY = "libc++";
				CLANG_ENABLE_MODULES = YES;
				CLANG_ENABLE_OBJC_ARC = YES;
				CLANG_ENABLE_OBJC_WEAK = YES;
				CLANG_WARN_BLOCK_CAPTURE_AUTORELEASING = YES;
				CLANG_WARN_BOOL_CONVERSION = YES;
				CLANG_WARN_COMMA = YES;
				CLANG_WARN_CONSTANT_CONVERSION = YES;
				CLANG_WARN_DEPRECATED_OBJC_IMPLEMENTATIONS = YES;
				CLANG_WARN_DIRECT_OBJC_ISA_USAGE = YES_ERROR;
				CLANG_WARN_DOCUMENTATION_COMMENTS = YES;
				CLANG_WARN_EMPTY_BODY = YES;
				CLANG_WARN_ENUM_CONVERSION = YES;
				CLANG_WARN_INFINITE_RECURSION = YES;
				CLANG_WARN_INT_CONVERSION = YES;
				CLANG_WARN_NON_LITERAL_NULL_CONVERSION = YES;
				CLANG_WARN_OBJC_IMPLICIT_RETAIN_SELF = YES;
				CLANG_WARN_OBJC_LITERAL_CONVERSION = YES;
				CLANG_WARN_OBJC_ROOT_CLASS = YES_ERROR;
				CLANG_WARN_QUOTED_INCLUDE_IN_FRAMEWORK_HEADER = YES;
				CLANG_WARN_RANGE_LOOP_ANALYSIS = YES;
				CLANG_WARN_STRICT_PROTOTYPES = YES;
				CLANG_WARN_SUSPICIOUS_MOVE = YES;
				CLANG_WARN_UNGUARDED_AVAILABILITY = YES_AGGRESSIVE;
				CLANG_WARN_UNREACHABLE_CODE = YES;
				CLANG_WARN__DUPLICATE_METHOD_MATCH = YES;
				COPY_PHASE_STRIP = NO;
				DEBUG_INFORMATION_FORMAT = "dwarf-with-dsym";
				ENABLE_NS_ASSERTIONS = NO;
				ENABLE_STRICT_OBJC_MSGSEND = YES;
				GCC_C_LANGUAGE_STANDARD = gnu11;
				GCC_NO_COMMON_BLOCKS = YES;
				GCC_WARN_64_TO_32_BIT_CONVERSION = YES;
				GCC_WARN_ABOUT_RETURN_TYPE = YES_ERROR;
				GCC_WARN_UNDECLARED_SELECTOR = YES;
				GCC_WARN_UNINITIALIZED_AUTOS = YES_AGGRESSIVE;
				GCC_WARN_UNUSED_FUNCTION = YES;
				GCC_WARN_UNUSED_VARIABLE = YES;
				IPHONEOS_DEPLOYMENT_TARGET = 15.2;
				MTL_ENABLE_DEBUG_INFO = NO;
				MTL_FAST_MATH = YES;
				SDKROOT = iphoneos;
				SWIFT_COMPILATION_MODE = wholemodule;
				SWIFT_OPTIMIZATION_LEVEL = "-O";
				VALIDATE_PRODUCT = YES;
			};
			name = Release;
		};
		6A7B3D6327FEEBFF0066BE83 /* Debug */ = {
			isa = XCBuildConfiguration;
			buildSettings = {
				ASSETCATALOG_COMPILER_APPICON_NAME = AppIcon;
				ASSETCATALOG_COMPILER_GLOBAL_ACCENT_COLOR_NAME = AccentColor;
				CODE_SIGN_STYLE = Automatic;
				CURRENT_PROJECT_VERSION = 1;
				DEVELOPMENT_ASSET_PATHS = "\"RestaurantFinder/Preview Content\"";
				DEVELOPMENT_TEAM = VKSCHWV8D3;
				ENABLE_PREVIEWS = YES;
				GENERATE_INFOPLIST_FILE = YES;
				INFOPLIST_FILE = RestaurantFinder/Info.plist;
				INFOPLIST_KEY_UIApplicationSceneManifest_Generation = YES;
				INFOPLIST_KEY_UIApplicationSupportsIndirectInputEvents = YES;
				INFOPLIST_KEY_UILaunchScreen_Generation = YES;
				INFOPLIST_KEY_UISupportedInterfaceOrientations_iPad = "UIInterfaceOrientationPortrait UIInterfaceOrientationPortraitUpsideDown UIInterfaceOrientationLandscapeLeft UIInterfaceOrientationLandscapeRight";
				INFOPLIST_KEY_UISupportedInterfaceOrientations_iPhone = "UIInterfaceOrientationPortrait UIInterfaceOrientationLandscapeLeft UIInterfaceOrientationLandscapeRight";
				LD_RUNPATH_SEARCH_PATHS = (
					"$(inherited)",
					"@executable_path/Frameworks",
				);
				MARKETING_VERSION = 1.0;
				PRODUCT_BUNDLE_IDENTIFIER = Metropolia.RestaurantFinder;
				PRODUCT_NAME = "$(TARGET_NAME)";
				SWIFT_EMIT_LOC_STRINGS = YES;
				SWIFT_VERSION = 5.0;
				TARGETED_DEVICE_FAMILY = "1,2";
			};
			name = Debug;
		};
		6A7B3D6427FEEBFF0066BE83 /* Release */ = {
			isa = XCBuildConfiguration;
			buildSettings = {
				ASSETCATALOG_COMPILER_APPICON_NAME = AppIcon;
				ASSETCATALOG_COMPILER_GLOBAL_ACCENT_COLOR_NAME = AccentColor;
				CODE_SIGN_STYLE = Automatic;
				CURRENT_PROJECT_VERSION = 1;
				DEVELOPMENT_ASSET_PATHS = "\"RestaurantFinder/Preview Content\"";
				DEVELOPMENT_TEAM = VKSCHWV8D3;
				ENABLE_PREVIEWS = YES;
				GENERATE_INFOPLIST_FILE = YES;
				INFOPLIST_FILE = RestaurantFinder/Info.plist;
				INFOPLIST_KEY_UIApplicationSceneManifest_Generation = YES;
				INFOPLIST_KEY_UIApplicationSupportsIndirectInputEvents = YES;
				INFOPLIST_KEY_UILaunchScreen_Generation = YES;
				INFOPLIST_KEY_UISupportedInterfaceOrientations_iPad = "UIInterfaceOrientationPortrait UIInterfaceOrientationPortraitUpsideDown UIInterfaceOrientationLandscapeLeft UIInterfaceOrientationLandscapeRight";
				INFOPLIST_KEY_UISupportedInterfaceOrientations_iPhone = "UIInterfaceOrientationPortrait UIInterfaceOrientationLandscapeLeft UIInterfaceOrientationLandscapeRight";
				LD_RUNPATH_SEARCH_PATHS = (
					"$(inherited)",
					"@executable_path/Frameworks",
				);
				MARKETING_VERSION = 1.0;
				PRODUCT_BUNDLE_IDENTIFIER = Metropolia.RestaurantFinder;
				PRODUCT_NAME = "$(TARGET_NAME)";
				SWIFT_EMIT_LOC_STRINGS = YES;
				SWIFT_VERSION = 5.0;
				TARGETED_DEVICE_FAMILY = "1,2";
			};
			name = Release;
		};
		6A7B3D6627FEEBFF0066BE83 /* Debug */ = {
			isa = XCBuildConfiguration;
			buildSettings = {
				ALWAYS_EMBED_SWIFT_STANDARD_LIBRARIES = YES;
				BUNDLE_LOADER = "$(TEST_HOST)";
				CODE_SIGN_STYLE = Automatic;
				CURRENT_PROJECT_VERSION = 1;
				DEVELOPMENT_TEAM = VKSCHWV8D3;
				GENERATE_INFOPLIST_FILE = YES;
				IPHONEOS_DEPLOYMENT_TARGET = 15.2;
				MARKETING_VERSION = 1.0;
				PRODUCT_BUNDLE_IDENTIFIER = Metropolia.RestaurantFinderTests;
				PRODUCT_NAME = "$(TARGET_NAME)";
				SWIFT_EMIT_LOC_STRINGS = NO;
				SWIFT_VERSION = 5.0;
				TARGETED_DEVICE_FAMILY = "1,2";
				TEST_HOST = "$(BUILT_PRODUCTS_DIR)/RestaurantFinder.app/RestaurantFinder";
			};
			name = Debug;
		};
		6A7B3D6727FEEBFF0066BE83 /* Release */ = {
			isa = XCBuildConfiguration;
			buildSettings = {
				ALWAYS_EMBED_SWIFT_STANDARD_LIBRARIES = YES;
				BUNDLE_LOADER = "$(TEST_HOST)";
				CODE_SIGN_STYLE = Automatic;
				CURRENT_PROJECT_VERSION = 1;
				DEVELOPMENT_TEAM = VKSCHWV8D3;
				GENERATE_INFOPLIST_FILE = YES;
				IPHONEOS_DEPLOYMENT_TARGET = 15.2;
				MARKETING_VERSION = 1.0;
				PRODUCT_BUNDLE_IDENTIFIER = Metropolia.RestaurantFinderTests;
				PRODUCT_NAME = "$(TARGET_NAME)";
				SWIFT_EMIT_LOC_STRINGS = NO;
				SWIFT_VERSION = 5.0;
				TARGETED_DEVICE_FAMILY = "1,2";
				TEST_HOST = "$(BUILT_PRODUCTS_DIR)/RestaurantFinder.app/RestaurantFinder";
			};
			name = Release;
		};
		6A7B3D6927FEEBFF0066BE83 /* Debug */ = {
			isa = XCBuildConfiguration;
			buildSettings = {
				ALWAYS_EMBED_SWIFT_STANDARD_LIBRARIES = YES;
				CODE_SIGN_STYLE = Automatic;
				CURRENT_PROJECT_VERSION = 1;
				DEVELOPMENT_TEAM = VKSCHWV8D3;
				GENERATE_INFOPLIST_FILE = YES;
				MARKETING_VERSION = 1.0;
				PRODUCT_BUNDLE_IDENTIFIER = Metropolia.RestaurantFinderUITests;
				PRODUCT_NAME = "$(TARGET_NAME)";
				SWIFT_EMIT_LOC_STRINGS = NO;
				SWIFT_VERSION = 5.0;
				TARGETED_DEVICE_FAMILY = "1,2";
				TEST_TARGET_NAME = RestaurantFinder;
			};
			name = Debug;
		};
		6A7B3D6A27FEEBFF0066BE83 /* Release */ = {
			isa = XCBuildConfiguration;
			buildSettings = {
				ALWAYS_EMBED_SWIFT_STANDARD_LIBRARIES = YES;
				CODE_SIGN_STYLE = Automatic;
				CURRENT_PROJECT_VERSION = 1;
				DEVELOPMENT_TEAM = VKSCHWV8D3;
				GENERATE_INFOPLIST_FILE = YES;
				MARKETING_VERSION = 1.0;
				PRODUCT_BUNDLE_IDENTIFIER = Metropolia.RestaurantFinderUITests;
				PRODUCT_NAME = "$(TARGET_NAME)";
				SWIFT_EMIT_LOC_STRINGS = NO;
				SWIFT_VERSION = 5.0;
				TARGETED_DEVICE_FAMILY = "1,2";
				TEST_TARGET_NAME = RestaurantFinder;
			};
			name = Release;
		};
/* End XCBuildConfiguration section */

/* Begin XCConfigurationList section */
		6A7B3D3927FEEBFA0066BE83 /* Build configuration list for PBXProject "RestaurantFinder" */ = {
			isa = XCConfigurationList;
			buildConfigurations = (
				6A7B3D6027FEEBFF0066BE83 /* Debug */,
				6A7B3D6127FEEBFF0066BE83 /* Release */,
			);
			defaultConfigurationIsVisible = 0;
			defaultConfigurationName = Release;
		};
		6A7B3D6227FEEBFF0066BE83 /* Build configuration list for PBXNativeTarget "RestaurantFinder" */ = {
			isa = XCConfigurationList;
			buildConfigurations = (
				6A7B3D6327FEEBFF0066BE83 /* Debug */,
				6A7B3D6427FEEBFF0066BE83 /* Release */,
			);
			defaultConfigurationIsVisible = 0;
			defaultConfigurationName = Release;
		};
		6A7B3D6527FEEBFF0066BE83 /* Build configuration list for PBXNativeTarget "RestaurantFinderTests" */ = {
			isa = XCConfigurationList;
			buildConfigurations = (
				6A7B3D6627FEEBFF0066BE83 /* Debug */,
				6A7B3D6727FEEBFF0066BE83 /* Release */,
			);
			defaultConfigurationIsVisible = 0;
			defaultConfigurationName = Release;
		};
		6A7B3D6827FEEBFF0066BE83 /* Build configuration list for PBXNativeTarget "RestaurantFinderUITests" */ = {
			isa = XCConfigurationList;
			buildConfigurations = (
				6A7B3D6927FEEBFF0066BE83 /* Debug */,
				6A7B3D6A27FEEBFF0066BE83 /* Release */,
			);
			defaultConfigurationIsVisible = 0;
			defaultConfigurationName = Release;
		};
/* End XCConfigurationList section */

/* Begin XCVersionGroup section */
		6A6C8BC8280F089000DB81CF /* RestaurantFinder.xcdatamodeld */ = {
			isa = XCVersionGroup;
			children = (
				6A6C8BC9280F089000DB81CF /* RestaurantFinder.xcdatamodel */,
			);
			currentVersion = 6A6C8BC9280F089000DB81CF /* RestaurantFinder.xcdatamodel */;
			path = RestaurantFinder.xcdatamodeld;
			sourceTree = "<group>";
			versionGroupType = wrapper.xcdatamodel;
		};
/* End XCVersionGroup section */
	};
	rootObject = 6A7B3D3627FEEBFA0066BE83 /* Project object */;
}
